
Microsoft Visual Studio Solution File, Format Version 12.00
# Visual Studio Version 17
VisualStudioVersion = 17.0.32112.339
MinimumVisualStudioVersion = 10.0.40219.1
Project("{FAE04EC0-301F-11D3-BF4B-00C04F79EFBC}") = "DateTimeWebApp", "DateTimeWebApp\DateTimeWebApp.csproj", "{77F838E4-805E-4DFF-8D4E-45CD2D5D4AB9}"
EndProject
Global
	GlobalSection(SolutionConfigurationPlatforms) = preSolution
		Debug|Any CPU = Debug|Any CPU
		Release|Any CPU = Release|Any CPU
	EndGlobalSection
	GlobalSection(ProjectConfigurationPlatforms) = postSolution
		{77F838E4-805E-4DFF-8D4E-45CD2D5D4AB9}.Debug|Any CPU.ActiveCfg = Debug|Any CPU
		{77F838E4-805E-4DFF-8D4E-45CD2D5D4AB9}.Debug|Any CPU.Build.0 = Debug|Any CPU
		{77F838E4-805E-4DFF-8D4E-45CD2D5D4AB9}.Release|Any CPU.ActiveCfg = Release|Any CPU
		{77F838E4-805E-4DFF-8D4E-45CD2D5D4AB9}.Release|Any CPU.Build.0 = Release|Any CPU
	EndGlobalSection
	GlobalSection(SolutionProperties) = preSolution
		HideSolutionNode = FALSE
	EndGlobalSection
	GlobalSection(ExtensibilityGlobals) = postSolution
		SolutionGuid = {D47C8761-F8AB-4B41-B6B6-1D1FBF513C1C}
	EndGlobalSection
EndGlobal
