
Microsoft Visual Studio Solution File, Format Version 12.00
# Visual Studio Version 16
VisualStudioVersion = 16.0.32002.261
MinimumVisualStudioVersion = 10.0.40219.1
Project("{FAE04EC0-301F-11D3-BF4B-00C04F79EFBC}") = "EnumsAssignment", "EnumsAssignment\EnumsAssignment.csproj", "{8AF849A5-F0A7-48BF-83C5-4DF0E53E0D29}"
EndProject
Global
	GlobalSection(SolutionConfigurationPlatforms) = preSolution
		Debug|Any CPU = Debug|Any CPU
		Release|Any CPU = Release|Any CPU
	EndGlobalSection
	GlobalSection(ProjectConfigurationPlatforms) = postSolution
		{8AF849A5-F0A7-48BF-83C5-4DF0E53E0D29}.Debug|Any CPU.ActiveCfg = Debug|Any CPU
		{8AF849A5-F0A7-48BF-83C5-4DF0E53E0D29}.Debug|Any CPU.Build.0 = Debug|Any CPU
		{8AF849A5-F0A7-48BF-83C5-4DF0E53E0D29}.Release|Any CPU.ActiveCfg = Release|Any CPU
		{8AF849A5-F0A7-48BF-83C5-4DF0E53E0D29}.Release|Any CPU.Build.0 = Release|Any CPU
	EndGlobalSection
	GlobalSection(SolutionProperties) = preSolution
		HideSolutionNode = FALSE
	EndGlobalSection
	GlobalSection(ExtensibilityGlobals) = postSolution
		SolutionGuid = {7C2481EB-B309-4138-9E98-407D4F870ABF}
	EndGlobalSection
EndGlobal
