
Microsoft Visual Studio Solution File, Format Version 12.00
# Visual Studio Version 16
VisualStudioVersion = 16.0.32002.261
MinimumVisualStudioVersion = 10.0.40219.1
Project("{9A19103F-16F7-4668-BE54-9A1E7A4F7556}") = "TwentyOne", "TwentyOne\TwentyOne.csproj", "{C8A742BA-0376-4C72-B828-94A774864C6A}"
EndProject
Project("{FAE04EC0-301F-11D3-BF4B-00C04F79EFBC}") = "Casino", "Casino\Casino.csproj", "{4A9C6F29-CC73-45B2-BF93-705836C3B4A4}"
EndProject
Global
	GlobalSection(SolutionConfigurationPlatforms) = preSolution
		Debug|Any CPU = Debug|Any CPU
		Release|Any CPU = Release|Any CPU
	EndGlobalSection
	GlobalSection(ProjectConfigurationPlatforms) = postSolution
		{C8A742BA-0376-4C72-B828-94A774864C6A}.Debug|Any CPU.ActiveCfg = Debug|Any CPU
		{C8A742BA-0376-4C72-B828-94A774864C6A}.Debug|Any CPU.Build.0 = Debug|Any CPU
		{C8A742BA-0376-4C72-B828-94A774864C6A}.Release|Any CPU.ActiveCfg = Release|Any CPU
		{C8A742BA-0376-4C72-B828-94A774864C6A}.Release|Any CPU.Build.0 = Release|Any CPU
		{4A9C6F29-CC73-45B2-BF93-705836C3B4A4}.Debug|Any CPU.ActiveCfg = Debug|Any CPU
		{4A9C6F29-CC73-45B2-BF93-705836C3B4A4}.Debug|Any CPU.Build.0 = Debug|Any CPU
		{4A9C6F29-CC73-45B2-BF93-705836C3B4A4}.Release|Any CPU.ActiveCfg = Release|Any CPU
		{4A9C6F29-CC73-45B2-BF93-705836C3B4A4}.Release|Any CPU.Build.0 = Release|Any CPU
	EndGlobalSection
	GlobalSection(SolutionProperties) = preSolution
		HideSolutionNode = FALSE
	EndGlobalSection
	GlobalSection(ExtensibilityGlobals) = postSolution
		SolutionGuid = {6F00E5D4-A658-4E1C-ADCF-F472FD413E32}
	EndGlobalSection
EndGlobal
