
Microsoft Visual Studio Solution File, Format Version 12.00
# Visual Studio Version 16
VisualStudioVersion = 16.0.32002.261
MinimumVisualStudioVersion = 10.0.40219.1
Project("{FAE04EC0-301F-11D3-BF4B-00C04F79EFBC}") = "MainMethodAssignment", "MainMethodAssignment\MainMethodAssignment.csproj", "{FB28AA5A-A47E-4AE3-80AA-08D797B5E10B}"
EndProject
Global
	GlobalSection(SolutionConfigurationPlatforms) = preSolution
		Debug|Any CPU = Debug|Any CPU
		Release|Any CPU = Release|Any CPU
	EndGlobalSection
	GlobalSection(ProjectConfigurationPlatforms) = postSolution
		{FB28AA5A-A47E-4AE3-80AA-08D797B5E10B}.Debug|Any CPU.ActiveCfg = Debug|Any CPU
		{FB28AA5A-A47E-4AE3-80AA-08D797B5E10B}.Debug|Any CPU.Build.0 = Debug|Any CPU
		{FB28AA5A-A47E-4AE3-80AA-08D797B5E10B}.Release|Any CPU.ActiveCfg = Release|Any CPU
		{FB28AA5A-A47E-4AE3-80AA-08D797B5E10B}.Release|Any CPU.Build.0 = Release|Any CPU
	EndGlobalSection
	GlobalSection(SolutionProperties) = preSolution
		HideSolutionNode = FALSE
	EndGlobalSection
	GlobalSection(ExtensibilityGlobals) = postSolution
		SolutionGuid = {9B83F906-06A9-4FC8-BE1B-81C9BFCF2655}
	EndGlobalSection
EndGlobal
