
Microsoft Visual Studio Solution File, Format Version 12.00
# Visual Studio Version 16
VisualStudioVersion = 16.0.32002.261
MinimumVisualStudioVersion = 10.0.40219.1
Project("{FAE04EC0-301F-11D3-BF4B-00C04F79EFBC}") = "BooleanLogic", "BooleanLogic\BooleanLogic.csproj", "{C683A6D6-C3DE-4B16-BCAE-AB85A68FBF96}"
EndProject
Global
	GlobalSection(SolutionConfigurationPlatforms) = preSolution
		Debug|Any CPU = Debug|Any CPU
		Release|Any CPU = Release|Any CPU
	EndGlobalSection
	GlobalSection(ProjectConfigurationPlatforms) = postSolution
		{C683A6D6-C3DE-4B16-BCAE-AB85A68FBF96}.Debug|Any CPU.ActiveCfg = Debug|Any CPU
		{C683A6D6-C3DE-4B16-BCAE-AB85A68FBF96}.Debug|Any CPU.Build.0 = Debug|Any CPU
		{C683A6D6-C3DE-4B16-BCAE-AB85A68FBF96}.Release|Any CPU.ActiveCfg = Release|Any CPU
		{C683A6D6-C3DE-4B16-BCAE-AB85A68FBF96}.Release|Any CPU.Build.0 = Release|Any CPU
	EndGlobalSection
	GlobalSection(SolutionProperties) = preSolution
		HideSolutionNode = FALSE
	EndGlobalSection
	GlobalSection(ExtensibilityGlobals) = postSolution
		SolutionGuid = {B6C64E2D-D352-4353-8353-AE488C1E714A}
	EndGlobalSection
EndGlobal
