
Microsoft Visual Studio Solution File, Format Version 12.00
# Visual Studio Version 16
VisualStudioVersion = 16.0.32002.261
MinimumVisualStudioVersion = 10.0.40219.1
Project("{FAE04EC0-301F-11D3-BF4B-00C04F79EFBC}") = "DoWhileCase", "DoWhileCase\DoWhileCase.csproj", "{0C15FCCA-77A4-40EA-84EB-8E9461A80D9D}"
EndProject
Global
	GlobalSection(SolutionConfigurationPlatforms) = preSolution
		Debug|Any CPU = Debug|Any CPU
		Release|Any CPU = Release|Any CPU
	EndGlobalSection
	GlobalSection(ProjectConfigurationPlatforms) = postSolution
		{0C15FCCA-77A4-40EA-84EB-8E9461A80D9D}.Debug|Any CPU.ActiveCfg = Debug|Any CPU
		{0C15FCCA-77A4-40EA-84EB-8E9461A80D9D}.Debug|Any CPU.Build.0 = Debug|Any CPU
		{0C15FCCA-77A4-40EA-84EB-8E9461A80D9D}.Release|Any CPU.ActiveCfg = Release|Any CPU
		{0C15FCCA-77A4-40EA-84EB-8E9461A80D9D}.Release|Any CPU.Build.0 = Release|Any CPU
	EndGlobalSection
	GlobalSection(SolutionProperties) = preSolution
		HideSolutionNode = FALSE
	EndGlobalSection
	GlobalSection(ExtensibilityGlobals) = postSolution
		SolutionGuid = {75B913CC-4113-49FD-BBFC-0855CE5CC8A9}
	EndGlobalSection
EndGlobal
